
Microsoft Visual Studio Solution File, Format Version 12.00
# Visual Studio Version 16
VisualStudioVersion = 16.0.29509.3
MinimumVisualStudioVersion = 10.0.40219.1
Project("{FAE04EC0-301F-11D3-BF4B-00C04F79EFBC}") = "Validation2", "Validation2\Validation2.csproj", "{622D29CA-B74A-4157-B7A7-19827019F81F}"
EndProject
Global
	GlobalSection(SolutionConfigurationPlatforms) = preSolution
		Debug|Any CPU = Debug|Any CPU
		Release|Any CPU = Release|Any CPU
	EndGlobalSection
	GlobalSection(ProjectConfigurationPlatforms) = postSolution
		{622D29CA-B74A-4157-B7A7-19827019F81F}.Debug|Any CPU.ActiveCfg = Debug|Any CPU
		{622D29CA-B74A-4157-B7A7-19827019F81F}.Debug|Any CPU.Build.0 = Debug|Any CPU
		{622D29CA-B74A-4157-B7A7-19827019F81F}.Release|Any CPU.ActiveCfg = Release|Any CPU
		{622D29CA-B74A-4157-B7A7-19827019F81F}.Release|Any CPU.Build.0 = Release|Any CPU
	EndGlobalSection
	GlobalSection(SolutionProperties) = preSolution
		HideSolutionNode = FALSE
	EndGlobalSection
	GlobalSection(ExtensibilityGlobals) = postSolution
		SolutionGuid = {7D2B101D-5D42-4DD8-9ACE-84D05861B14A}
	EndGlobalSection
EndGlobal
