
Microsoft Visual Studio Solution File, Format Version 12.00
# Visual Studio Version 16
VisualStudioVersion = 16.0.29519.87
MinimumVisualStudioVersion = 10.0.40219.1
Project("{FAE04EC0-301F-11D3-BF4B-00C04F79EFBC}") = "MatrixMultiplication", "MatrixMultiplication\MatrixMultiplication.csproj", "{8511D288-3C8C-49E1-A4CA-D7F2BE1D912E}"
EndProject
Project("{FAE04EC0-301F-11D3-BF4B-00C04F79EFBC}") = "MatrixMultiplicationsTest", "MatrixMultiplicationsTest\MatrixMultiplicationsTest.csproj", "{B2EEB002-A35E-460D-9CDE-B1D9F484D620}"
EndProject
Global
	GlobalSection(SolutionConfigurationPlatforms) = preSolution
		Debug|Any CPU = Debug|Any CPU
		Release|Any CPU = Release|Any CPU
	EndGlobalSection
	GlobalSection(ProjectConfigurationPlatforms) = postSolution
		{8511D288-3C8C-49E1-A4CA-D7F2BE1D912E}.Debug|Any CPU.ActiveCfg = Debug|Any CPU
		{8511D288-3C8C-49E1-A4CA-D7F2BE1D912E}.Debug|Any CPU.Build.0 = Debug|Any CPU
		{8511D288-3C8C-49E1-A4CA-D7F2BE1D912E}.Release|Any CPU.ActiveCfg = Release|Any CPU
		{8511D288-3C8C-49E1-A4CA-D7F2BE1D912E}.Release|Any CPU.Build.0 = Release|Any CPU
		{B2EEB002-A35E-460D-9CDE-B1D9F484D620}.Debug|Any CPU.ActiveCfg = Debug|Any CPU
		{B2EEB002-A35E-460D-9CDE-B1D9F484D620}.Debug|Any CPU.Build.0 = Debug|Any CPU
		{B2EEB002-A35E-460D-9CDE-B1D9F484D620}.Release|Any CPU.ActiveCfg = Release|Any CPU
		{B2EEB002-A35E-460D-9CDE-B1D9F484D620}.Release|Any CPU.Build.0 = Release|Any CPU
	EndGlobalSection
	GlobalSection(SolutionProperties) = preSolution
		HideSolutionNode = FALSE
	EndGlobalSection
	GlobalSection(ExtensibilityGlobals) = postSolution
		SolutionGuid = {A2E20D54-B0F3-4621-ADAB-59474ABE1321}
	EndGlobalSection
EndGlobal
